
Microsoft Visual Studio Solution File, Format Version 12.00
# Visual Studio Version 17
VisualStudioVersion = 17.14.36616.10
MinimumVisualStudioVersion = 10.0.40219.1
Project("{FAE04EC0-301F-11D3-BF4B-00C04F79EFBC}") = "PasswordGenerator", "PasswordGenerator\PasswordGenerator.csproj", "{43311692-29B7-482F-9093-40BE4C19C82B}"
EndProject
Project("{FAE04EC0-301F-11D3-BF4B-00C04F79EFBC}") = "Playground", "Playground\Playground.csproj", "{D8A9CE1F-6C8C-47AB-8522-B2A62EB93E83}"
EndProject
Global
	GlobalSection(SolutionConfigurationPlatforms) = preSolution
		Debug|Any CPU = Debug|Any CPU
		Release|Any CPU = Release|Any CPU
	EndGlobalSection
	GlobalSection(ProjectConfigurationPlatforms) = postSolution
		{43311692-29B7-482F-9093-40BE4C19C82B}.Debug|Any CPU.ActiveCfg = Debug|Any CPU
		{43311692-29B7-482F-9093-40BE4C19C82B}.Debug|Any CPU.Build.0 = Debug|Any CPU
		{43311692-29B7-482F-9093-40BE4C19C82B}.Release|Any CPU.ActiveCfg = Release|Any CPU
		{43311692-29B7-482F-9093-40BE4C19C82B}.Release|Any CPU.Build.0 = Release|Any CPU
		{D8A9CE1F-6C8C-47AB-8522-B2A62EB93E83}.Debug|Any CPU.ActiveCfg = Debug|Any CPU
		{D8A9CE1F-6C8C-47AB-8522-B2A62EB93E83}.Debug|Any CPU.Build.0 = Debug|Any CPU
		{D8A9CE1F-6C8C-47AB-8522-B2A62EB93E83}.Release|Any CPU.ActiveCfg = Release|Any CPU
		{D8A9CE1F-6C8C-47AB-8522-B2A62EB93E83}.Release|Any CPU.Build.0 = Release|Any CPU
	EndGlobalSection
	GlobalSection(SolutionProperties) = preSolution
		HideSolutionNode = FALSE
	EndGlobalSection
	GlobalSection(ExtensibilityGlobals) = postSolution
		SolutionGuid = {C0AECA96-49C5-4F37-BF40-652DD106E887}
	EndGlobalSection
EndGlobal
